{
  "name": "stencil-app",
  "version": "0.0.1",
  "lockfileVersion": 1,
  "requires": true,
  "dependencies": {
    "@esri/calcite-components": {
      "version": "1.0.0-beta.46",
      "resolved": "https://registry.npmjs.org/@esri/calcite-components/-/calcite-components-1.0.0-beta.46.tgz",
      "integrity": "sha512-Tn4tXBLSgUUNjoAtUn70LoPxvkZAl9eZDan5bQn6ueIEe5jCYzMMuZh7t6Asnaa4vcfx7w15AAluFlLZ0yXnOw==",
      "requires": {
        "@popperjs/core": "2.5.4",
        "@types/color": "3.0.1"
      }
    },
    "@popperjs/core": {
      "version": "2.5.4",
      "resolved": "https://registry.npmjs.org/@popperjs/core/-/core-2.5.4.tgz",
      "integrity": "sha512-ZpKr+WTb8zsajqgDkvCEWgp6d5eJT6Q63Ng2neTbzBO76Lbe91vX/iVIW9dikq+Fs3yEo+ls4cxeXABD2LtcbQ=="
    },
    "@types/color": {
      "version": "3.0.1",
      "resolved": "https://registry.npmjs.org/@types/color/-/color-3.0.1.tgz",
      "integrity": "sha512-oeUWVaAwI+xINDUx+3F2vJkl/vVB03VChFF/Gl3iQCdbcakjuoJyMOba+3BXRtnBhxZ7uBYqQBi9EpLnvSoztA==",
      "requires": {
        "@types/color-convert": "*"
      }
    },
    "@types/color-convert": {
      "version": "2.0.0",
      "resolved": "https://registry.npmjs.org/@types/color-convert/-/color-convert-2.0.0.tgz",
      "integrity": "sha512-m7GG7IKKGuJUXvkZ1qqG3ChccdIM/qBBo913z+Xft0nKCX4hAU/IxKwZBU4cpRZ7GS5kV4vOblUkILtSShCPXQ==",
      "requires": {
        "@types/color-name": "*"
      }
    },
    "@types/color-name": {
      "version": "1.1.1",
      "resolved": "https://registry.npmjs.org/@types/color-name/-/color-name-1.1.1.tgz",
      "integrity": "sha512-rr+OQyAjxze7GgWrSaJwydHStIhHq2lvY3BOC2Mj7KnzI7XK0Uw1TOOdI9lDoajEbSWLiYgoo4f1R51erQfhPQ=="
    },
    "arcgis-js-api": {
      "version": "4.18.0-next.20201204",
      "resolved": "https://registry.npmjs.org/arcgis-js-api/-/arcgis-js-api-4.18.0-next.20201204.tgz",
      "integrity": "sha512-a/vj/nFmt+m3SQd6/x53xCWBLvzAuBSc2G6wQ3RjzX2jdAwcGqrYZO86Ot16gFpqEmrrf9RKdW9/IbR+cS2sCw=="
    }
  }
}
